
Microsoft Visual Studio Solution File, Format Version 12.00
# Visual Studio 15
VisualStudioVersion = 15.0.26730.12
MinimumVisualStudioVersion = 10.0.40219.1
Project("{FAE04EC0-301F-11D3-BF4B-00C04F79EFBC}") = "DroneLander.Android", "DroneLander\DroneLander.Android\DroneLander.Android.csproj", "{D7F9585B-5F59-4D03-9518-CF94EF8F1B84}"
EndProject
Project("{FAE04EC0-301F-11D3-BF4B-00C04F79EFBC}") = "DroneLander", "DroneLander\DroneLander\DroneLander.csproj", "{0F6C6D5E-ADF6-49FC-86AA-579F89178CCA}"
EndProject
Project("{FAE04EC0-301F-11D3-BF4B-00C04F79EFBC}") = "DroneLander.UWP", "DroneLander\DroneLander.UWP\DroneLander.UWP.csproj", "{31DED876-5025-48DA-8DD2-656F962195B0}"
EndProject
Project("{FAE04EC0-301F-11D3-BF4B-00C04F79EFBC}") = "DroneLander.iOS", "DroneLander\DroneLander.iOS\DroneLander.iOS.csproj", "{5908CACE-397F-44C1-B23A-2CC3D7646997}"
EndProject
Global
	GlobalSection(SolutionConfigurationPlatforms) = preSolution
		Ad-Hoc|Any CPU = Ad-Hoc|Any CPU
		Ad-Hoc|ARM = Ad-Hoc|ARM
		Ad-Hoc|iPhone = Ad-Hoc|iPhone
		Ad-Hoc|iPhoneSimulator = Ad-Hoc|iPhoneSimulator
		Ad-Hoc|x64 = Ad-Hoc|x64
		Ad-Hoc|x86 = Ad-Hoc|x86
		AppStore|Any CPU = AppStore|Any CPU
		AppStore|ARM = AppStore|ARM
		AppStore|iPhone = AppStore|iPhone
		AppStore|iPhoneSimulator = AppStore|iPhoneSimulator
		AppStore|x64 = AppStore|x64
		AppStore|x86 = AppStore|x86
		Debug|Any CPU = Debug|Any CPU
		Debug|ARM = Debug|ARM
		Debug|iPhone = Debug|iPhone
		Debug|iPhoneSimulator = Debug|iPhoneSimulator
		Debug|x64 = Debug|x64
		Debug|x86 = Debug|x86
		Release|Any CPU = Release|Any CPU
		Release|ARM = Release|ARM
		Release|iPhone = Release|iPhone
		Release|iPhoneSimulator = Release|iPhoneSimulator
		Release|x64 = Release|x64
		Release|x86 = Release|x86
	EndGlobalSection
	GlobalSection(ProjectConfigurationPlatforms) = postSolution
		{D7F9585B-5F59-4D03-9518-CF94EF8F1B84}.Ad-Hoc|Any CPU.ActiveCfg = Release|Any CPU
		{D7F9585B-5F59-4D03-9518-CF94EF8F1B84}.Ad-Hoc|Any CPU.Build.0 = Release|Any CPU
		{D7F9585B-5F59-4D03-9518-CF94EF8F1B84}.Ad-Hoc|Any CPU.Deploy.0 = Release|Any CPU
		{D7F9585B-5F59-4D03-9518-CF94EF8F1B84}.Ad-Hoc|ARM.ActiveCfg = Release|Any CPU
		{D7F9585B-5F59-4D03-9518-CF94EF8F1B84}.Ad-Hoc|ARM.Build.0 = Release|Any CPU
		{D7F9585B-5F59-4D03-9518-CF94EF8F1B84}.Ad-Hoc|ARM.Deploy.0 = Release|Any CPU
		{D7F9585B-5F59-4D03-9518-CF94EF8F1B84}.Ad-Hoc|iPhone.ActiveCfg = Release|Any CPU
		{D7F9585B-5F59-4D03-9518-CF94EF8F1B84}.Ad-Hoc|iPhone.Build.0 = Release|Any CPU
		{D7F9585B-5F59-4D03-9518-CF94EF8F1B84}.Ad-Hoc|iPhone.Deploy.0 = Release|Any CPU
		{D7F9585B-5F59-4D03-9518-CF94EF8F1B84}.Ad-Hoc|iPhoneSimulator.ActiveCfg = Release|Any CPU
		{D7F9585B-5F59-4D03-9518-CF94EF8F1B84}.Ad-Hoc|iPhoneSimulator.Build.0 = Release|Any CPU
		{D7F9585B-5F59-4D03-9518-CF94EF8F1B84}.Ad-Hoc|iPhoneSimulator.Deploy.0 = Release|Any CPU
		{D7F9585B-5F59-4D03-9518-CF94EF8F1B84}.Ad-Hoc|x64.ActiveCfg = Release|Any CPU
		{D7F9585B-5F59-4D03-9518-CF94EF8F1B84}.Ad-Hoc|x64.Build.0 = Release|Any CPU
		{D7F9585B-5F59-4D03-9518-CF94EF8F1B84}.Ad-Hoc|x64.Deploy.0 = Release|Any CPU
		{D7F9585B-5F59-4D03-9518-CF94EF8F1B84}.Ad-Hoc|x86.ActiveCfg = Release|Any CPU
		{D7F9585B-5F59-4D03-9518-CF94EF8F1B84}.Ad-Hoc|x86.Build.0 = Release|Any CPU
		{D7F9585B-5F59-4D03-9518-CF94EF8F1B84}.Ad-Hoc|x86.Deploy.0 = Release|Any CPU
		{D7F9585B-5F59-4D03-9518-CF94EF8F1B84}.AppStore|Any CPU.ActiveCfg = Release|Any CPU
		{D7F9585B-5F59-4D03-9518-CF94EF8F1B84}.AppStore|Any CPU.Build.0 = Release|Any CPU
		{D7F9585B-5F59-4D03-9518-CF94EF8F1B84}.AppStore|Any CPU.Deploy.0 = Release|Any CPU
		{D7F9585B-5F59-4D03-9518-CF94EF8F1B84}.AppStore|ARM.ActiveCfg = Release|Any CPU
		{D7F9585B-5F59-4D03-9518-CF94EF8F1B84}.AppStore|ARM.Build.0 = Release|Any CPU
		{D7F9585B-5F59-4D03-9518-CF94EF8F1B84}.AppStore|ARM.Deploy.0 = Release|Any CPU
		{D7F9585B-5F59-4D03-9518-CF94EF8F1B84}.AppStore|iPhone.ActiveCfg = Release|Any CPU
		{D7F9585B-5F59-4D03-9518-CF94EF8F1B84}.AppStore|iPhone.Build.0 = Release|Any CPU
		{D7F9585B-5F59-4D03-9518-CF94EF8F1B84}.AppStore|iPhone.Deploy.0 = Release|Any CPU
		{D7F9585B-5F59-4D03-9518-CF94EF8F1B84}.AppStore|iPhoneSimulator.ActiveCfg = Release|Any CPU
		{D7F9585B-5F59-4D03-9518-CF94EF8F1B84}.AppStore|iPhoneSimulator.Build.0 = Release|Any CPU
		{D7F9585B-5F59-4D03-9518-CF94EF8F1B84}.AppStore|iPhoneSimulator.Deploy.0 = Release|Any CPU
		{D7F9585B-5F59-4D03-9518-CF94EF8F1B84}.AppStore|x64.ActiveCfg = Release|Any CPU
		{D7F9585B-5F59-4D03-9518-CF94EF8F1B84}.AppStore|x64.Build.0 = Release|Any CPU
		{D7F9585B-5F59-4D03-9518-CF94EF8F1B84}.AppStore|x64.Deploy.0 = Release|Any CPU
		{D7F9585B-5F59-4D03-9518-CF94EF8F1B84}.AppStore|x86.ActiveCfg = Release|Any CPU
		{D7F9585B-5F59-4D03-9518-CF94EF8F1B84}.AppStore|x86.Build.0 = Release|Any CPU
		{D7F9585B-5F59-4D03-9518-CF94EF8F1B84}.AppStore|x86.Deploy.0 = Release|Any CPU
		{D7F9585B-5F59-4D03-9518-CF94EF8F1B84}.Debug|Any CPU.ActiveCfg = Debug|Any CPU
		{D7F9585B-5F59-4D03-9518-CF94EF8F1B84}.Debug|Any CPU.Build.0 = Debug|Any CPU
		{D7F9585B-5F59-4D03-9518-CF94EF8F1B84}.Debug|Any CPU.Deploy.0 = Debug|Any CPU
		{D7F9585B-5F59-4D03-9518-CF94EF8F1B84}.Debug|ARM.ActiveCfg = Debug|Any CPU
		{D7F9585B-5F59-4D03-9518-CF94EF8F1B84}.Debug|ARM.Build.0 = Debug|Any CPU
		{D7F9585B-5F59-4D03-9518-CF94EF8F1B84}.Debug|ARM.Deploy.0 = Debug|Any CPU
		{D7F9585B-5F59-4D03-9518-CF94EF8F1B84}.Debug|iPhone.ActiveCfg = Debug|Any CPU
		{D7F9585B-5F59-4D03-9518-CF94EF8F1B84}.Debug|iPhone.Build.0 = Debug|Any CPU
		{D7F9585B-5F59-4D03-9518-CF94EF8F1B84}.Debug|iPhone.Deploy.0 = Debug|Any CPU
		{D7F9585B-5F59-4D03-9518-CF94EF8F1B84}.Debug|iPhoneSimulator.ActiveCfg = Debug|Any CPU
		{D7F9585B-5F59-4D03-9518-CF94EF8F1B84}.Debug|iPhoneSimulator.Build.0 = Debug|Any CPU
		{D7F9585B-5F59-4D03-9518-CF94EF8F1B84}.Debug|iPhoneSimulator.Deploy.0 = Debug|Any CPU
		{D7F9585B-5F59-4D03-9518-CF94EF8F1B84}.Debug|x64.ActiveCfg = Debug|Any CPU
		{D7F9585B-5F59-4D03-9518-CF94EF8F1B84}.Debug|x64.Build.0 = Debug|Any CPU
		{D7F9585B-5F59-4D03-9518-CF94EF8F1B84}.Debug|x64.Deploy.0 = Debug|Any CPU
		{D7F9585B-5F59-4D03-9518-CF94EF8F1B84}.Debug|x86.ActiveCfg = Debug|Any CPU
		{D7F9585B-5F59-4D03-9518-CF94EF8F1B84}.Debug|x86.Build.0 = Debug|Any CPU
		{D7F9585B-5F59-4D03-9518-CF94EF8F1B84}.Debug|x86.Deploy.0 = Debug|Any CPU
		{D7F9585B-5F59-4D03-9518-CF94EF8F1B84}.Release|Any CPU.ActiveCfg = Release|Any CPU
		{D7F9585B-5F59-4D03-9518-CF94EF8F1B84}.Release|Any CPU.Build.0 = Release|Any CPU
		{D7F9585B-5F59-4D03-9518-CF94EF8F1B84}.Release|Any CPU.Deploy.0 = Release|Any CPU
		{D7F9585B-5F59-4D03-9518-CF94EF8F1B84}.Release|ARM.ActiveCfg = Release|Any CPU
		{D7F9585B-5F59-4D03-9518-CF94EF8F1B84}.Release|ARM.Build.0 = Release|Any CPU
		{D7F9585B-5F59-4D03-9518-CF94EF8F1B84}.Release|ARM.Deploy.0 = Release|Any CPU
		{D7F9585B-5F59-4D03-9518-CF94EF8F1B84}.Release|iPhone.ActiveCfg = Release|Any CPU
		{D7F9585B-5F59-4D03-9518-CF94EF8F1B84}.Release|iPhone.Build.0 = Release|Any CPU
		{D7F9585B-5F59-4D03-9518-CF94EF8F1B84}.Release|iPhone.Deploy.0 = Release|Any CPU
		{D7F9585B-5F59-4D03-9518-CF94EF8F1B84}.Release|iPhoneSimulator.ActiveCfg = Release|Any CPU
		{D7F9585B-5F59-4D03-9518-CF94EF8F1B84}.Release|iPhoneSimulator.Build.0 = Release|Any CPU
		{D7F9585B-5F59-4D03-9518-CF94EF8F1B84}.Release|iPhoneSimulator.Deploy.0 = Release|Any CPU
		{D7F9585B-5F59-4D03-9518-CF94EF8F1B84}.Release|x64.ActiveCfg = Release|Any CPU
		{D7F9585B-5F59-4D03-9518-CF94EF8F1B84}.Release|x64.Build.0 = Release|Any CPU
		{D7F9585B-5F59-4D03-9518-CF94EF8F1B84}.Release|x64.Deploy.0 = Release|Any CPU
		{D7F9585B-5F59-4D03-9518-CF94EF8F1B84}.Release|x86.ActiveCfg = Release|Any CPU
		{D7F9585B-5F59-4D03-9518-CF94EF8F1B84}.Release|x86.Build.0 = Release|Any CPU
		{D7F9585B-5F59-4D03-9518-CF94EF8F1B84}.Release|x86.Deploy.0 = Release|Any CPU
		{0F6C6D5E-ADF6-49FC-86AA-579F89178CCA}.Ad-Hoc|Any CPU.ActiveCfg = Release|Any CPU
		{0F6C6D5E-ADF6-49FC-86AA-579F89178CCA}.Ad-Hoc|Any CPU.Build.0 = Release|Any CPU
		{0F6C6D5E-ADF6-49FC-86AA-579F89178CCA}.Ad-Hoc|ARM.ActiveCfg = Release|Any CPU
		{0F6C6D5E-ADF6-49FC-86AA-579F89178CCA}.Ad-Hoc|ARM.Build.0 = Release|Any CPU
		{0F6C6D5E-ADF6-49FC-86AA-579F89178CCA}.Ad-Hoc|iPhone.ActiveCfg = Release|Any CPU
		{0F6C6D5E-ADF6-49FC-86AA-579F89178CCA}.Ad-Hoc|iPhone.Build.0 = Release|Any CPU
		{0F6C6D5E-ADF6-49FC-86AA-579F89178CCA}.Ad-Hoc|iPhoneSimulator.ActiveCfg = Release|Any CPU
		{0F6C6D5E-ADF6-49FC-86AA-579F89178CCA}.Ad-Hoc|iPhoneSimulator.Build.0 = Release|Any CPU
		{0F6C6D5E-ADF6-49FC-86AA-579F89178CCA}.Ad-Hoc|x64.ActiveCfg = Release|Any CPU
		{0F6C6D5E-ADF6-49FC-86AA-579F89178CCA}.Ad-Hoc|x64.Build.0 = Release|Any CPU
		{0F6C6D5E-ADF6-49FC-86AA-579F89178CCA}.Ad-Hoc|x86.ActiveCfg = Release|Any CPU
		{0F6C6D5E-ADF6-49FC-86AA-579F89178CCA}.Ad-Hoc|x86.Build.0 = Release|Any CPU
		{0F6C6D5E-ADF6-49FC-86AA-579F89178CCA}.AppStore|Any CPU.ActiveCfg = Release|Any CPU
		{0F6C6D5E-ADF6-49FC-86AA-579F89178CCA}.AppStore|Any CPU.Build.0 = Release|Any CPU
		{0F6C6D5E-ADF6-49FC-86AA-579F89178CCA}.AppStore|ARM.ActiveCfg = Release|Any CPU
		{0F6C6D5E-ADF6-49FC-86AA-579F89178CCA}.AppStore|ARM.Build.0 = Release|Any CPU
		{0F6C6D5E-ADF6-49FC-86AA-579F89178CCA}.AppStore|iPhone.ActiveCfg = Release|Any CPU
		{0F6C6D5E-ADF6-49FC-86AA-579F89178CCA}.AppStore|iPhone.Build.0 = Release|Any CPU
		{0F6C6D5E-ADF6-49FC-86AA-579F89178CCA}.AppStore|iPhoneSimulator.ActiveCfg = Release|Any CPU
		{0F6C6D5E-ADF6-49FC-86AA-579F89178CCA}.AppStore|iPhoneSimulator.Build.0 = Release|Any CPU
		{0F6C6D5E-ADF6-49FC-86AA-579F89178CCA}.AppStore|x64.ActiveCfg = Release|Any CPU
		{0F6C6D5E-ADF6-49FC-86AA-579F89178CCA}.AppStore|x64.Build.0 = Release|Any CPU
		{0F6C6D5E-ADF6-49FC-86AA-579F89178CCA}.AppStore|x86.ActiveCfg = Release|Any CPU
		{0F6C6D5E-ADF6-49FC-86AA-579F89178CCA}.AppStore|x86.Build.0 = Release|Any CPU
		{0F6C6D5E-ADF6-49FC-86AA-579F89178CCA}.Debug|Any CPU.ActiveCfg = Debug|Any CPU
		{0F6C6D5E-ADF6-49FC-86AA-579F89178CCA}.Debug|Any CPU.Build.0 = Debug|Any CPU
		{0F6C6D5E-ADF6-49FC-86AA-579F89178CCA}.Debug|ARM.ActiveCfg = Debug|Any CPU
		{0F6C6D5E-ADF6-49FC-86AA-579F89178CCA}.Debug|ARM.Build.0 = Debug|Any CPU
		{0F6C6D5E-ADF6-49FC-86AA-579F89178CCA}.Debug|iPhone.ActiveCfg = Debug|Any CPU
		{0F6C6D5E-ADF6-49FC-86AA-579F89178CCA}.Debug|iPhone.Build.0 = Debug|Any CPU
		{0F6C6D5E-ADF6-49FC-86AA-579F89178CCA}.Debug|iPhoneSimulator.ActiveCfg = Debug|Any CPU
		{0F6C6D5E-ADF6-49FC-86AA-579F89178CCA}.Debug|iPhoneSimulator.Build.0 = Debug|Any CPU
		{0F6C6D5E-ADF6-49FC-86AA-579F89178CCA}.Debug|x64.ActiveCfg = Debug|Any CPU
		{0F6C6D5E-ADF6-49FC-86AA-579F89178CCA}.Debug|x64.Build.0 = Debug|Any CPU
		{0F6C6D5E-ADF6-49FC-86AA-579F89178CCA}.Debug|x86.ActiveCfg = Debug|Any CPU
		{0F6C6D5E-ADF6-49FC-86AA-579F89178CCA}.Debug|x86.Build.0 = Debug|Any CPU
		{0F6C6D5E-ADF6-49FC-86AA-579F89178CCA}.Release|Any CPU.ActiveCfg = Release|Any CPU
		{0F6C6D5E-ADF6-49FC-86AA-579F89178CCA}.Release|Any CPU.Build.0 = Release|Any CPU
		{0F6C6D5E-ADF6-49FC-86AA-579F89178CCA}.Release|ARM.ActiveCfg = Release|Any CPU
		{0F6C6D5E-ADF6-49FC-86AA-579F89178CCA}.Release|ARM.Build.0 = Release|Any CPU
		{0F6C6D5E-ADF6-49FC-86AA-579F89178CCA}.Release|iPhone.ActiveCfg = Release|Any CPU
		{0F6C6D5E-ADF6-49FC-86AA-579F89178CCA}.Release|iPhone.Build.0 = Release|Any CPU
		{0F6C6D5E-ADF6-49FC-86AA-579F89178CCA}.Release|iPhoneSimulator.ActiveCfg = Release|Any CPU
		{0F6C6D5E-ADF6-49FC-86AA-579F89178CCA}.Release|iPhoneSimulator.Build.0 = Release|Any CPU
		{0F6C6D5E-ADF6-49FC-86AA-579F89178CCA}.Release|x64.ActiveCfg = Release|Any CPU
		{0F6C6D5E-ADF6-49FC-86AA-579F89178CCA}.Release|x64.Build.0 = Release|Any CPU
		{0F6C6D5E-ADF6-49FC-86AA-579F89178CCA}.Release|x86.ActiveCfg = Release|Any CPU
		{0F6C6D5E-ADF6-49FC-86AA-579F89178CCA}.Release|x86.Build.0 = Release|Any CPU
		{31DED876-5025-48DA-8DD2-656F962195B0}.Ad-Hoc|Any CPU.ActiveCfg = Release|x86
		{31DED876-5025-48DA-8DD2-656F962195B0}.Ad-Hoc|Any CPU.Build.0 = Release|x86
		{31DED876-5025-48DA-8DD2-656F962195B0}.Ad-Hoc|Any CPU.Deploy.0 = Release|x86
		{31DED876-5025-48DA-8DD2-656F962195B0}.Ad-Hoc|ARM.ActiveCfg = Release|ARM
		{31DED876-5025-48DA-8DD2-656F962195B0}.Ad-Hoc|ARM.Build.0 = Release|ARM
		{31DED876-5025-48DA-8DD2-656F962195B0}.Ad-Hoc|ARM.Deploy.0 = Release|ARM
		{31DED876-5025-48DA-8DD2-656F962195B0}.Ad-Hoc|iPhone.ActiveCfg = Release|x86
		{31DED876-5025-48DA-8DD2-656F962195B0}.Ad-Hoc|iPhone.Build.0 = Release|x86
		{31DED876-5025-48DA-8DD2-656F962195B0}.Ad-Hoc|iPhone.Deploy.0 = Release|x86
		{31DED876-5025-48DA-8DD2-656F962195B0}.Ad-Hoc|iPhoneSimulator.ActiveCfg = Release|x86
		{31DED876-5025-48DA-8DD2-656F962195B0}.Ad-Hoc|iPhoneSimulator.Build.0 = Release|x86
		{31DED876-5025-48DA-8DD2-656F962195B0}.Ad-Hoc|iPhoneSimulator.Deploy.0 = Release|x86
		{31DED876-5025-48DA-8DD2-656F962195B0}.Ad-Hoc|x64.ActiveCfg = Release|x64
		{31DED876-5025-48DA-8DD2-656F962195B0}.Ad-Hoc|x64.Build.0 = Release|x64
		{31DED876-5025-48DA-8DD2-656F962195B0}.Ad-Hoc|x64.Deploy.0 = Release|x64
		{31DED876-5025-48DA-8DD2-656F962195B0}.Ad-Hoc|x86.ActiveCfg = Release|x86
		{31DED876-5025-48DA-8DD2-656F962195B0}.Ad-Hoc|x86.Build.0 = Release|x86
		{31DED876-5025-48DA-8DD2-656F962195B0}.Ad-Hoc|x86.Deploy.0 = Release|x86
		{31DED876-5025-48DA-8DD2-656F962195B0}.AppStore|Any CPU.ActiveCfg = Release|x86
		{31DED876-5025-48DA-8DD2-656F962195B0}.AppStore|Any CPU.Build.0 = Release|x86
		{31DED876-5025-48DA-8DD2-656F962195B0}.AppStore|Any CPU.Deploy.0 = Release|x86
		{31DED876-5025-48DA-8DD2-656F962195B0}.AppStore|ARM.ActiveCfg = Release|ARM
		{31DED876-5025-48DA-8DD2-656F962195B0}.AppStore|ARM.Build.0 = Release|ARM
		{31DED876-5025-48DA-8DD2-656F962195B0}.AppStore|ARM.Deploy.0 = Release|ARM
		{31DED876-5025-48DA-8DD2-656F962195B0}.AppStore|iPhone.ActiveCfg = Release|x86
		{31DED876-5025-48DA-8DD2-656F962195B0}.AppStore|iPhone.Build.0 = Release|x86
		{31DED876-5025-48DA-8DD2-656F962195B0}.AppStore|iPhone.Deploy.0 = Release|x86
		{31DED876-5025-48DA-8DD2-656F962195B0}.AppStore|iPhoneSimulator.ActiveCfg = Release|x86
		{31DED876-5025-48DA-8DD2-656F962195B0}.AppStore|iPhoneSimulator.Build.0 = Release|x86
		{31DED876-5025-48DA-8DD2-656F962195B0}.AppStore|iPhoneSimulator.Deploy.0 = Release|x86
		{31DED876-5025-48DA-8DD2-656F962195B0}.AppStore|x64.ActiveCfg = Release|x64
		{31DED876-5025-48DA-8DD2-656F962195B0}.AppStore|x64.Build.0 = Release|x64
		{31DED876-5025-48DA-8DD2-656F962195B0}.AppStore|x64.Deploy.0 = Release|x64
		{31DED876-5025-48DA-8DD2-656F962195B0}.AppStore|x86.ActiveCfg = Release|x86
		{31DED876-5025-48DA-8DD2-656F962195B0}.AppStore|x86.Build.0 = Release|x86
		{31DED876-5025-48DA-8DD2-656F962195B0}.AppStore|x86.Deploy.0 = Release|x86
		{31DED876-5025-48DA-8DD2-656F962195B0}.Debug|Any CPU.ActiveCfg = Debug|x86
		{31DED876-5025-48DA-8DD2-656F962195B0}.Debug|ARM.ActiveCfg = Debug|ARM
		{31DED876-5025-48DA-8DD2-656F962195B0}.Debug|ARM.Build.0 = Debug|ARM
		{31DED876-5025-48DA-8DD2-656F962195B0}.Debug|ARM.Deploy.0 = Debug|ARM
		{31DED876-5025-48DA-8DD2-656F962195B0}.Debug|iPhone.ActiveCfg = Debug|x86
		{31DED876-5025-48DA-8DD2-656F962195B0}.Debug|iPhoneSimulator.ActiveCfg = Debug|x86
		{31DED876-5025-48DA-8DD2-656F962195B0}.Debug|x64.ActiveCfg = Debug|x64
		{31DED876-5025-48DA-8DD2-656F962195B0}.Debug|x64.Build.0 = Debug|x64
		{31DED876-5025-48DA-8DD2-656F962195B0}.Debug|x64.Deploy.0 = Debug|x64
		{31DED876-5025-48DA-8DD2-656F962195B0}.Debug|x86.ActiveCfg = Debug|x86
		{31DED876-5025-48DA-8DD2-656F962195B0}.Release|Any CPU.ActiveCfg = Release|x86
		{31DED876-5025-48DA-8DD2-656F962195B0}.Release|ARM.ActiveCfg = Release|ARM
		{31DED876-5025-48DA-8DD2-656F962195B0}.Release|ARM.Build.0 = Release|ARM
		{31DED876-5025-48DA-8DD2-656F962195B0}.Release|ARM.Deploy.0 = Release|ARM
		{31DED876-5025-48DA-8DD2-656F962195B0}.Release|iPhone.ActiveCfg = Release|x86
		{31DED876-5025-48DA-8DD2-656F962195B0}.Release|iPhoneSimulator.ActiveCfg = Release|x86
		{31DED876-5025-48DA-8DD2-656F962195B0}.Release|x64.ActiveCfg = Release|x64
		{31DED876-5025-48DA-8DD2-656F962195B0}.Release|x64.Build.0 = Release|x64
		{31DED876-5025-48DA-8DD2-656F962195B0}.Release|x64.Deploy.0 = Release|x64
		{31DED876-5025-48DA-8DD2-656F962195B0}.Release|x86.ActiveCfg = Release|x86
		{31DED876-5025-48DA-8DD2-656F962195B0}.Release|x86.Build.0 = Release|x86
		{31DED876-5025-48DA-8DD2-656F962195B0}.Release|x86.Deploy.0 = Release|x86
		{5908CACE-397F-44C1-B23A-2CC3D7646997}.Ad-Hoc|Any CPU.ActiveCfg = Ad-Hoc|iPhone
		{5908CACE-397F-44C1-B23A-2CC3D7646997}.Ad-Hoc|ARM.ActiveCfg = Ad-Hoc|iPhone
		{5908CACE-397F-44C1-B23A-2CC3D7646997}.Ad-Hoc|iPhone.ActiveCfg = Ad-Hoc|iPhone
		{5908CACE-397F-44C1-B23A-2CC3D7646997}.Ad-Hoc|iPhone.Build.0 = Ad-Hoc|iPhone
		{5908CACE-397F-44C1-B23A-2CC3D7646997}.Ad-Hoc|iPhoneSimulator.ActiveCfg = Ad-Hoc|iPhoneSimulator
		{5908CACE-397F-44C1-B23A-2CC3D7646997}.Ad-Hoc|iPhoneSimulator.Build.0 = Ad-Hoc|iPhoneSimulator
		{5908CACE-397F-44C1-B23A-2CC3D7646997}.Ad-Hoc|x64.ActiveCfg = Ad-Hoc|iPhone
		{5908CACE-397F-44C1-B23A-2CC3D7646997}.Ad-Hoc|x86.ActiveCfg = Ad-Hoc|iPhone
		{5908CACE-397F-44C1-B23A-2CC3D7646997}.AppStore|Any CPU.ActiveCfg = AppStore|iPhone
		{5908CACE-397F-44C1-B23A-2CC3D7646997}.AppStore|ARM.ActiveCfg = AppStore|iPhone
		{5908CACE-397F-44C1-B23A-2CC3D7646997}.AppStore|iPhone.ActiveCfg = AppStore|iPhone
		{5908CACE-397F-44C1-B23A-2CC3D7646997}.AppStore|iPhone.Build.0 = AppStore|iPhone
		{5908CACE-397F-44C1-B23A-2CC3D7646997}.AppStore|iPhoneSimulator.ActiveCfg = AppStore|iPhoneSimulator
		{5908CACE-397F-44C1-B23A-2CC3D7646997}.AppStore|iPhoneSimulator.Build.0 = AppStore|iPhoneSimulator
		{5908CACE-397F-44C1-B23A-2CC3D7646997}.AppStore|x64.ActiveCfg = AppStore|iPhone
		{5908CACE-397F-44C1-B23A-2CC3D7646997}.AppStore|x86.ActiveCfg = AppStore|iPhone
		{5908CACE-397F-44C1-B23A-2CC3D7646997}.Debug|Any CPU.ActiveCfg = Debug|iPhone
		{5908CACE-397F-44C1-B23A-2CC3D7646997}.Debug|ARM.ActiveCfg = Debug|iPhone
		{5908CACE-397F-44C1-B23A-2CC3D7646997}.Debug|iPhone.ActiveCfg = Debug|iPhone
		{5908CACE-397F-44C1-B23A-2CC3D7646997}.Debug|iPhone.Build.0 = Debug|iPhone
		{5908CACE-397F-44C1-B23A-2CC3D7646997}.Debug|iPhoneSimulator.ActiveCfg = Debug|iPhoneSimulator
		{5908CACE-397F-44C1-B23A-2CC3D7646997}.Debug|iPhoneSimulator.Build.0 = Debug|iPhoneSimulator
		{5908CACE-397F-44C1-B23A-2CC3D7646997}.Debug|x64.ActiveCfg = Debug|iPhone
		{5908CACE-397F-44C1-B23A-2CC3D7646997}.Debug|x86.ActiveCfg = Debug|iPhone
		{5908CACE-397F-44C1-B23A-2CC3D7646997}.Release|Any CPU.ActiveCfg = Release|iPhone
		{5908CACE-397F-44C1-B23A-2CC3D7646997}.Release|ARM.ActiveCfg = Release|iPhone
		{5908CACE-397F-44C1-B23A-2CC3D7646997}.Release|iPhone.ActiveCfg = Release|iPhone
		{5908CACE-397F-44C1-B23A-2CC3D7646997}.Release|iPhone.Build.0 = Release|iPhone
		{5908CACE-397F-44C1-B23A-2CC3D7646997}.Release|iPhoneSimulator.ActiveCfg = Release|iPhoneSimulator
		{5908CACE-397F-44C1-B23A-2CC3D7646997}.Release|iPhoneSimulator.Build.0 = Release|iPhoneSimulator
		{5908CACE-397F-44C1-B23A-2CC3D7646997}.Release|x64.ActiveCfg = Release|iPhone
		{5908CACE-397F-44C1-B23A-2CC3D7646997}.Release|x86.ActiveCfg = Release|iPhone
	EndGlobalSection
	GlobalSection(SolutionProperties) = preSolution
		HideSolutionNode = FALSE
	EndGlobalSection
	GlobalSection(ExtensibilityGlobals) = postSolution
		SolutionGuid = {0443008F-DDD9-492C-901E-56741637A2E0}
	EndGlobalSection
EndGlobal
